PODS:
  - RSSelectionMenu (3.2)
  - TweeTextField (1.0.0)

DEPENDENCIES:
  - RSSelectionMenu
  - TweeTextField

SPEC CHECKSUMS:
  RSSelectionMenu: 9263c19c4b01b0dedf33903ae21a608b469e9b2b
  TweeTextField: 05f4e78d9073405c47088274aa2ee4245b801018

PODFILE CHECKSUM: 72d2f50900f638641d240138985186d30f4b0c07

COCOAPODS: 1.2.1
